// !$*UTF8*$!
{
	archiveVersion = 1;
	classes = {
	};
	objectVersion = 55;
	objects = {

/* Begin PBXBuildFile section */
		617DB624CD4158B09006EC43 /* Pods_DatawhaleAppTests.framework in Frameworks */ = {isa = PBXBuildFile; fileRef = B88DE2E613120D021148C4C0 /* Pods_DatawhaleAppTests.framework */; };
		DA5D91D0274032B200699555 /* AppDelegate.swift in Sources */ = {isa = PBXBuildFile; fileRef = DA5D91CF274032B200699555 /* AppDelegate.swift */; };
		DA5D91D2274032B200699555 /* SceneDelegate.swift in Sources */ = {isa = PBXBuildFile; fileRef = DA5D91D1274032B200699555 /* SceneDelegate.swift */; };
		DA5D91D4274032B200699555 /* ViewController.swift in Sources */ = {isa = PBXBuildFile; fileRef = DA5D91D3274032B200699555 /* ViewController.swift */; };
		DA5D91D7274032B200699555 /* Main.storyboard in Resources */ = {isa = PBXBuildFile; fileRef = DA5D91D5274032B200699555 /* Main.storyboard */; };
		DA5D91DA274032B200699555 /* DatawhaleApp.xcdatamodeld in Sources */ = {isa = PBXBuildFile; fileRef = DA5D91D8274032B200699555 /* DatawhaleApp.xcdatamodeld */; };
		DA5D91DC274032B400699555 /* Assets.xcassets in Resources */ = {isa = PBXBuildFile; fileRef = DA5D91DB274032B400699555 /* Assets.xcassets */; };
		DA5D91DF274032B400699555 /* LaunchScreen.storyboard in Resources */ = {isa = PBXBuildFile; fileRef = DA5D91DD274032B400699555 /* LaunchScreen.storyboard */; };
		DA5D91EA274032B400699555 /* DatawhaleAppTests.swift in Sources */ = {isa = PBXBuildFile; fileRef = DA5D91E9274032B400699555 /* DatawhaleAppTests.swift */; };
		DA5D91F4274032B400699555 /* DatawhaleAppUITests.swift in Sources */ = {isa = PBXBuildFile; fileRef = DA5D91F3274032B400699555 /* DatawhaleAppUITests.swift */; };
		DA5D91F6274032B400699555 /* DatawhaleAppUITestsLaunchTests.swift in Sources */ = {isa = PBXBuildFile; fileRef = DA5D91F5274032B400699555 /* DatawhaleAppUITestsLaunchTests.swift */; };
		DA5D9221274043EE00699555 /* DWBaseViewController.swift in Sources */ = {isa = PBXBuildFile; fileRef = DA5D9220274043EE00699555 /* DWBaseViewController.swift */; };
		DA5D92232740442A00699555 /* DWNavigationController.swift in Sources */ = {isa = PBXBuildFile; fileRef = DA5D92222740442A00699555 /* DWNavigationController.swift */; };
		DD42DC71108BBDA69B5B68EC /* Pods_DatawhaleApp.framework in Frameworks */ = {isa = PBXBuildFile; fileRef = B033745DB6BF2533ED2AE52E /* Pods_DatawhaleApp.framework */; };
		F9E8D73512DFB2B0AC0090B8 /* Pods_DatawhaleApp_DatawhaleAppUITests.framework in Frameworks */ = {isa = PBXBuildFile; fileRef = 93469D8237F2646CD58EED6A /* Pods_DatawhaleApp_DatawhaleAppUITests.framework */; };
/* End PBXBuildFile section */

/* Begin PBXContainerItemProxy section */
		DA5D91E6274032B400699555 /* PBXContainerItemProxy */ = {
			isa = PBXContainerItemProxy;
			containerPortal = DA5D91C4274032B200699555 /* Project object */;
			proxyType = 1;
			remoteGlobalIDString = DA5D91CB274032B200699555;
			remoteInfo = DatawhaleApp;
		};
		DA5D91F0274032B400699555 /* PBXContainerItemProxy */ = {
			isa = PBXContainerItemProxy;
			containerPortal = DA5D91C4274032B200699555 /* Project object */;
			proxyType = 1;
			remoteGlobalIDString = DA5D91CB274032B200699555;
			remoteInfo = DatawhaleApp;
		};
/* End PBXContainerItemProxy section */

/* Begin PBXFileReference section */
		216A171B09EB1E62BEBD437E /* Pods-DatawhaleApp-DatawhaleAppUITests.debug.xcconfig */ = {isa = PBXFileReference; includeInIndex = 1; lastKnownFileType = text.xcconfig; name = "Pods-DatawhaleApp-DatawhaleAppUITests.debug.xcconfig"; path = "Target Support Files/Pods-DatawhaleApp-DatawhaleAppUITests/Pods-DatawhaleApp-DatawhaleAppUITests.debug.xcconfig"; sourceTree = "<group>"; };
		56A5C9C6C9CBDE6A270C2404 /* Pods-DatawhaleAppTests.release.xcconfig */ = {isa = PBXFileReference; includeInIndex = 1; lastKnownFileType = text.xcconfig; name = "Pods-DatawhaleAppTests.release.xcconfig"; path = "Target Support Files/Pods-DatawhaleAppTests/Pods-DatawhaleAppTests.release.xcconfig"; sourceTree = "<group>"; };
		899232B2B170969C2E94492B /* Pods-DatawhaleAppTests.debug.xcconfig */ = {isa = PBXFileReference; includeInIndex = 1; lastKnownFileType = text.xcconfig; name = "Pods-DatawhaleAppTests.debug.xcconfig"; path = "Target Support Files/Pods-DatawhaleAppTests/Pods-DatawhaleAppTests.debug.xcconfig"; sourceTree = "<group>"; };
		93469D8237F2646CD58EED6A /* Pods_DatawhaleApp_DatawhaleAppUITests.framework */ = {isa = PBXFileReference; explicitFileType = wrapper.framework; includeInIndex = 0; path = Pods_DatawhaleApp_DatawhaleAppUITests.framework; sourceTree = BUILT_PRODUCTS_DIR; };
		AF2A42E2AF25CD4E1DEBC754 /* Pods-DatawhaleApp.release.xcconfig */ = {isa = PBXFileReference; includeInIndex = 1; lastKnownFileType = text.xcconfig; name = "Pods-DatawhaleApp.release.xcconfig"; path = "Target Support Files/Pods-DatawhaleApp/Pods-DatawhaleApp.release.xcconfig"; sourceTree = "<group>"; };
		B033745DB6BF2533ED2AE52E /* Pods_DatawhaleApp.framework */ = {isa = PBXFileReference; explicitFileType = wrapper.framework; includeInIndex = 0; path = Pods_DatawhaleApp.framework; sourceTree = BUILT_PRODUCTS_DIR; };
		B88DE2E613120D021148C4C0 /* Pods_DatawhaleAppTests.framework */ = {isa = PBXFileReference; explicitFileType = wrapper.framework; includeInIndex = 0; path = Pods_DatawhaleAppTests.framework; sourceTree = BUILT_PRODUCTS_DIR; };
		DA5D91CC274032B200699555 /* DatawhaleApp.app */ = {isa = PBXFileReference; explicitFileType = wrapper.application; includeInIndex = 0; path = DatawhaleApp.app; sourceTree = BUILT_PRODUCTS_DIR; };
		DA5D91CF274032B200699555 /* AppDelegate.swift */ = {isa = PBXFileReference; lastKnownFileType = sourcecode.swift; path = AppDelegate.swift; sourceTree = "<group>"; };
		DA5D91D1274032B200699555 /* SceneDelegate.swift */ = {isa = PBXFileReference; lastKnownFileType = sourcecode.swift; path = SceneDelegate.swift; sourceTree = "<group>"; };
		DA5D91D3274032B200699555 /* ViewController.swift */ = {isa = PBXFileReference; lastKnownFileType = sourcecode.swift; path = ViewController.swift; sourceTree = "<group>"; };
		DA5D91D6274032B200699555 /* Base */ = {isa = PBXFileReference; lastKnownFileType = file.storyboard; name = Base; path = Base.lproj/Main.storyboard; sourceTree = "<group>"; };
		DA5D91D9274032B200699555 /* DatawhaleApp.xcdatamodel */ = {isa = PBXFileReference; lastKnownFileType = wrapper.xcdatamodel; path = DatawhaleApp.xcdatamodel; sourceTree = "<group>"; };
		DA5D91DB274032B400699555 /* Assets.xcassets */ = {isa = PBXFileReference; lastKnownFileType = folder.assetcatalog; path = Assets.xcassets; sourceTree = "<group>"; };
		DA5D91DE274032B400699555 /* Base */ = {isa = PBXFileReference; lastKnownFileType = file.storyboard; name = Base; path = Base.lproj/LaunchScreen.storyboard; sourceTree = "<group>"; };
		DA5D91E0274032B400699555 /* Info.plist */ = {isa = PBXFileReference; lastKnownFileType = text.plist.xml; path = Info.plist; sourceTree = "<group>"; };
		DA5D91E5274032B400699555 /* DatawhaleAppTests.xctest */ = {isa = PBXFileReference; explicitFileType = wrapper.cfbundle; includeInIndex = 0; path = DatawhaleAppTests.xctest; sourceTree = BUILT_PRODUCTS_DIR; };
		DA5D91E9274032B400699555 /* DatawhaleAppTests.swift */ = {isa = PBXFileReference; lastKnownFileType = sourcecode.swift; path = DatawhaleAppTests.swift; sourceTree = "<group>"; };
		DA5D91EF274032B400699555 /* DatawhaleAppUITests.xctest */ = {isa = PBXFileReference; explicitFileType = wrapper.cfbundle; includeInIndex = 0; path = DatawhaleAppUITests.xctest; sourceTree = BUILT_PRODUCTS_DIR; };
		DA5D91F3274032B400699555 /* DatawhaleAppUITests.swift */ = {isa = PBXFileReference; lastKnownFileType = sourcecode.swift; path = DatawhaleAppUITests.swift; sourceTree = "<group>"; };
		DA5D91F5274032B400699555 /* DatawhaleAppUITestsLaunchTests.swift */ = {isa = PBXFileReference; lastKnownFileType = sourcecode.swift; path = DatawhaleAppUITestsLaunchTests.swift; sourceTree = "<group>"; };
		DA5D9220274043EE00699555 /* DWBaseViewController.swift */ = {isa = PBXFileReference; lastKnownFileType = sourcecode.swift; path = DWBaseViewController.swift; sourceTree = "<group>"; };
		DA5D92222740442A00699555 /* DWNavigationController.swift */ = {isa = PBXFileReference; lastKnownFileType = sourcecode.swift; path = DWNavigationController.swift; sourceTree = "<group>"; };
		DFF7BE5FA984E5BB758763EF /* Pods-DatawhaleApp-DatawhaleAppUITests.release.xcconfig */ = {isa = PBXFileReference; includeInIndex = 1; lastKnownFileType = text.xcconfig; name = "Pods-DatawhaleApp-DatawhaleAppUITests.release.xcconfig"; path = "Target Support Files/Pods-DatawhaleApp-DatawhaleAppUITests/Pods-DatawhaleApp-DatawhaleAppUITests.release.xcconfig"; sourceTree = "<group>"; };
		E4FBCA0D61F724C2DB4208B9 /* Pods-DatawhaleApp.debug.xcconfig */ = {isa = PBXFileReference; includeInIndex = 1; lastKnownFileType = text.xcconfig; name = "Pods-DatawhaleApp.debug.xcconfig"; path = "Target Support Files/Pods-DatawhaleApp/Pods-DatawhaleApp.debug.xcconfig"; sourceTree = "<group>"; };
/* End PBXFileReference section */

/* Begin PBXFrameworksBuildPhase section */
		DA5D91C9274032B200699555 /* Frameworks */ = {
			isa = PBXFrameworksBuildPhase;
			buildActionMask = 2147483647;
			files = (
				DD42DC71108BBDA69B5B68EC /* Pods_DatawhaleApp.framework in Frameworks */,
			);
			runOnlyForDeploymentPostprocessing = 0;
		};
		DA5D91E2274032B400699555 /* Frameworks */ = {
			isa = PBXFrameworksBuildPhase;
			buildActionMask = 2147483647;
			files = (
				617DB624CD4158B09006EC43 /* Pods_DatawhaleAppTests.framework in Frameworks */,
			);
			runOnlyForDeploymentPostprocessing = 0;
		};
		DA5D91EC274032B400699555 /* Frameworks */ = {
			isa = PBXFrameworksBuildPhase;
			buildActionMask = 2147483647;
			files = (
				F9E8D73512DFB2B0AC0090B8 /* Pods_DatawhaleApp_DatawhaleAppUITests.framework in Frameworks */,
			);
			runOnlyForDeploymentPostprocessing = 0;
		};
/* End PBXFrameworksBuildPhase section */

/* Begin PBXGroup section */
		726561BA0EE9C4928B76E991 /* Pods */ = {
			isa = PBXGroup;
			children = (
				E4FBCA0D61F724C2DB4208B9 /* Pods-DatawhaleApp.debug.xcconfig */,
				AF2A42E2AF25CD4E1DEBC754 /* Pods-DatawhaleApp.release.xcconfig */,
				216A171B09EB1E62BEBD437E /* Pods-DatawhaleApp-DatawhaleAppUITests.debug.xcconfig */,
				DFF7BE5FA984E5BB758763EF /* Pods-DatawhaleApp-DatawhaleAppUITests.release.xcconfig */,
				899232B2B170969C2E94492B /* Pods-DatawhaleAppTests.debug.xcconfig */,
				56A5C9C6C9CBDE6A270C2404 /* Pods-DatawhaleAppTests.release.xcconfig */,
			);
			path = Pods;
			sourceTree = "<group>";
		};
		A55047F058B5753B49BFA92F /* Frameworks */ = {
			isa = PBXGroup;
			children = (
				B033745DB6BF2533ED2AE52E /* Pods_DatawhaleApp.framework */,
				93469D8237F2646CD58EED6A /* Pods_DatawhaleApp_DatawhaleAppUITests.framework */,
				B88DE2E613120D021148C4C0 /* Pods_DatawhaleAppTests.framework */,
			);
			name = Frameworks;
			sourceTree = "<group>";
		};
		DA5D91C3274032B200699555 = {
			isa = PBXGroup;
			children = (
				DA5D91CE274032B200699555 /* DatawhaleApp */,
				DA5D91E8274032B400699555 /* DatawhaleAppTests */,
				DA5D91F2274032B400699555 /* DatawhaleAppUITests */,
				DA5D91CD274032B200699555 /* Products */,
				726561BA0EE9C4928B76E991 /* Pods */,
				A55047F058B5753B49BFA92F /* Frameworks */,
			);
			sourceTree = "<group>";
		};
		DA5D91CD274032B200699555 /* Products */ = {
			isa = PBXGroup;
			children = (
				DA5D91CC274032B200699555 /* DatawhaleApp.app */,
				DA5D91E5274032B400699555 /* DatawhaleAppTests.xctest */,
				DA5D91EF274032B400699555 /* DatawhaleAppUITests.xctest */,
			);
			name = Products;
			sourceTree = "<group>";
		};
		DA5D91CE274032B200699555 /* DatawhaleApp */ = {
			isa = PBXGroup;
			children = (
				DA5D920227403B8900699555 /* AppDelegate */,
				DA5D920327403B9800699555 /* Functions */,
				DA5D920427403BAD00699555 /* Tools */,
				DA5D921D2740437C00699555 /* Networking */,
				DA5D921C2740436E00699555 /* Domain */,
				DA5D920527403BBB00699555 /* Repackage */,
				DA5D920627403BC600699555 /* Support Files */,
				DA5D920727403BCE00699555 /* OtherResources */,
				DA5D91D3274032B200699555 /* ViewController.swift */,
				DA5D91D5274032B200699555 /* Main.storyboard */,
				DA5D91DB274032B400699555 /* Assets.xcassets */,
				DA5D91DD274032B400699555 /* LaunchScreen.storyboard */,
				DA5D91E0274032B400699555 /* Info.plist */,
				DA5D91D8274032B200699555 /* DatawhaleApp.xcdatamodeld */,
			);
			path = DatawhaleApp;
			sourceTree = "<group>";
		};
		DA5D91E8274032B400699555 /* DatawhaleAppTests */ = {
			isa = PBXGroup;
			children = (
				DA5D91E9274032B400699555 /* DatawhaleAppTests.swift */,
			);
			path = DatawhaleAppTests;
			sourceTree = "<group>";
		};
		DA5D91F2274032B400699555 /* DatawhaleAppUITests */ = {
			isa = PBXGroup;
			children = (
				DA5D91F3274032B400699555 /* DatawhaleAppUITests.swift */,
				DA5D91F5274032B400699555 /* DatawhaleAppUITestsLaunchTests.swift */,
			);
			path = DatawhaleAppUITests;
			sourceTree = "<group>";
		};
		DA5D920227403B8900699555 /* AppDelegate */ = {
			isa = PBXGroup;
			children = (
				DA5D91CF274032B200699555 /* AppDelegate.swift */,
				DA5D91D1274032B200699555 /* SceneDelegate.swift */,
			);
			path = AppDelegate;
			sourceTree = "<group>";
		};
		DA5D920327403B9800699555 /* Functions */ = {
			isa = PBXGroup;
			children = (
				DA5D921E274043CF00699555 /* Base */,
				DA5D92132740400B00699555 /* Guide */,
				DA5D920827403F9500699555 /* Home */,
				DA5D92172740404200699555 /* AILab */,
				DA5D92162740403800699555 /* Record */,
				DA5D92152740402D00699555 /* Feedback */,
				DA5D92142740401E00699555 /* Medal */,
				DA5D921227403FFF00699555 /* Read */,
				DA5D921127403FF000699555 /* Relax */,
				DA5D921027403FE900699555 /* Study */,
				DA5D920F27403FD600699555 /* DaySummary */,
				DA5D920E27403FCB00699555 /* Task */,
				DA5D920D27403FB500699555 /* Login */,
				DA5D920C27403FAE00699555 /* Meta */,
				DA5D920A27403FA300699555 /* Camera */,
				DA5D920927403F9D00699555 /* Me */,
			);
			path = Functions;
			sourceTree = "<group>";
		};
		DA5D920427403BAD00699555 /* Tools */ = {
			isa = PBXGroup;
			children = (
			);
			path = Tools;
			sourceTree = "<group>";
		};
		DA5D920527403BBB00699555 /* Repackage */ = {
			isa = PBXGroup;
			children = (
			);
			path = Repackage;
			sourceTree = "<group>";
		};
		DA5D920627403BC600699555 /* Support Files */ = {
			isa = PBXGroup;
			children = (
			);
			path = "Support Files";
			sourceTree = "<group>";
		};
		DA5D920727403BCE00699555 /* OtherResources */ = {
			isa = PBXGroup;
			children = (
			);
			path = OtherResources;
			sourceTree = "<group>";
		};
		DA5D920827403F9500699555 /* Home */ = {
			isa = PBXGroup;
			children = (
			);
			path = Home;
			sourceTree = "<group>";
		};
		DA5D920927403F9D00699555 /* Me */ = {
			isa = PBXGroup;
			children = (
				DA5D92182740434300699555 /* Remind */,
			);
			path = Me;
			sourceTree = "<group>";
		};
		DA5D920A27403FA300699555 /* Camera */ = {
			isa = PBXGroup;
			children = (
			);
			path = Camera;
			sourceTree = "<group>";
		};
		DA5D920C27403FAE00699555 /* Meta */ = {
			isa = PBXGroup;
			children = (
			);
			path = Meta;
			sourceTree = "<group>";
		};
		DA5D920D27403FB500699555 /* Login */ = {
			isa = PBXGroup;
			children = (
			);
			path = Login;
			sourceTree = "<group>";
		};
		DA5D920E27403FCB00699555 /* Task */ = {
			isa = PBXGroup;
			children = (
			);
			path = Task;
			sourceTree = "<group>";
		};
		DA5D920F27403FD600699555 /* DaySummary */ = {
			isa = PBXGroup;
			children = (
			);
			path = DaySummary;
			sourceTree = "<group>";
		};
		DA5D921027403FE900699555 /* Study */ = {
			isa = PBXGroup;
			children = (
			);
			path = Study;
			sourceTree = "<group>";
		};
		DA5D921127403FF000699555 /* Relax */ = {
			isa = PBXGroup;
			children = (
			);
			path = Relax;
			sourceTree = "<group>";
		};
		DA5D921227403FFF00699555 /* Read */ = {
			isa = PBXGroup;
			children = (
			);
			path = Read;
			sourceTree = "<group>";
		};
		DA5D92132740400B00699555 /* Guide */ = {
			isa = PBXGroup;
			children = (
			);
			path = Guide;
			sourceTree = "<group>";
		};
		DA5D92142740401E00699555 /* Medal */ = {
			isa = PBXGroup;
			children = (
			);
			path = Medal;
			sourceTree = "<group>";
		};
		DA5D92152740402D00699555 /* Feedback */ = {
			isa = PBXGroup;
			children = (
			);
			path = Feedback;
			sourceTree = "<group>";
		};
		DA5D92162740403800699555 /* Record */ = {
			isa = PBXGroup;
			children = (
			);
			path = Record;
			sourceTree = "<group>";
		};
		DA5D92172740404200699555 /* AILab */ = {
			isa = PBXGroup;
			children = (
			);
			path = AILab;
			sourceTree = "<group>";
		};
		DA5D92182740434300699555 /* Remind */ = {
			isa = PBXGroup;
			children = (
				DA5D921A2740434E00699555 /* Presenter */,
				DA5D92192740434900699555 /* View */,
			);
			path = Remind;
			sourceTree = "<group>";
		};
		DA5D92192740434900699555 /* View */ = {
			isa = PBXGroup;
			children = (
			);
			path = View;
			sourceTree = "<group>";
		};
		DA5D921A2740434E00699555 /* Presenter */ = {
			isa = PBXGroup;
			children = (
			);
			path = Presenter;
			sourceTree = "<group>";
		};
		DA5D921C2740436E00699555 /* Domain */ = {
			isa = PBXGroup;
			children = (
			);
			path = Domain;
			sourceTree = "<group>";
		};
		DA5D921D2740437C00699555 /* Networking */ = {
			isa = PBXGroup;
			children = (
			);
			path = Networking;
			sourceTree = "<group>";
		};
		DA5D921E274043CF00699555 /* Base */ = {
			isa = PBXGroup;
			children = (
				DA5D9220274043EE00699555 /* DWBaseViewController.swift */,
				DA5D92222740442A00699555 /* DWNavigationController.swift */,
			);
			path = Base;
			sourceTree = "<group>";
		};
/* End PBXGroup section */

/* Begin PBXNativeTarget section */
		DA5D91CB274032B200699555 /* DatawhaleApp */ = {
			isa = PBXNativeTarget;
			buildConfigurationList = DA5D91F9274032B400699555 /* Build configuration list for PBXNativeTarget "DatawhaleApp" */;
			buildPhases = (
				C6EE7EE40F16C1723823C21A /* [CP] Check Pods Manifest.lock */,
				DA5D91C8274032B200699555 /* Sources */,
				DA5D91C9274032B200699555 /* Frameworks */,
				DA5D91CA274032B200699555 /* Resources */,
				4508E5EE33E19AB0FE85F8F6 /* [CP] Embed Pods Frameworks */,
			);
			buildRules = (
			);
			dependencies = (
			);
			name = DatawhaleApp;
			productName = DatawhaleApp;
			productReference = DA5D91CC274032B200699555 /* DatawhaleApp.app */;
			productType = "com.apple.product-type.application";
		};
		DA5D91E4274032B400699555 /* DatawhaleAppTests */ = {
			isa = PBXNativeTarget;
			buildConfigurationList = DA5D91FC274032B400699555 /* Build configuration list for PBXNativeTarget "DatawhaleAppTests" */;
			buildPhases = (
				51F04ADDAD657B2309C89707 /* [CP] Check Pods Manifest.lock */,
				DA5D91E1274032B400699555 /* Sources */,
				DA5D91E2274032B400699555 /* Frameworks */,
				DA5D91E3274032B400699555 /* Resources */,
			);
			buildRules = (
			);
			dependencies = (
				DA5D91E7274032B400699555 /* PBXTargetDependency */,
			);
			name = DatawhaleAppTests;
			productName = DatawhaleAppTests;
			productReference = DA5D91E5274032B400699555 /* DatawhaleAppTests.xctest */;
			productType = "com.apple.product-type.bundle.unit-test";
		};
		DA5D91EE274032B400699555 /* DatawhaleAppUITests */ = {
			isa = PBXNativeTarget;
			buildConfigurationList = DA5D91FF274032B400699555 /* Build configuration list for PBXNativeTarget "DatawhaleAppUITests" */;
			buildPhases = (
				647174D9FA37B2E187D6FD03 /* [CP] Check Pods Manifest.lock */,
				DA5D91EB274032B400699555 /* Sources */,
				DA5D91EC274032B400699555 /* Frameworks */,
				DA5D91ED274032B400699555 /* Resources */,
				B59001FB5BF01317493B2661 /* [CP] Embed Pods Frameworks */,
			);
			buildRules = (
			);
			dependencies = (
				DA5D91F1274032B400699555 /* PBXTargetDependency */,
			);
			name = DatawhaleAppUITests;
			productName = DatawhaleAppUITests;
			productReference = DA5D91EF274032B400699555 /* DatawhaleAppUITests.xctest */;
			productType = "com.apple.product-type.bundle.ui-testing";
		};
/* End PBXNativeTarget section */

/* Begin PBXProject section */
		DA5D91C4274032B200699555 /* Project object */ = {
			isa = PBXProject;
			attributes = {
				BuildIndependentTargetsInParallel = 1;
				LastSwiftUpdateCheck = 1310;
				LastUpgradeCheck = 1310;
				TargetAttributes = {
					DA5D91CB274032B200699555 = {
						CreatedOnToolsVersion = 13.1;
					};
					DA5D91E4274032B400699555 = {
						CreatedOnToolsVersion = 13.1;
						TestTargetID = DA5D91CB274032B200699555;
					};
					DA5D91EE274032B400699555 = {
						CreatedOnToolsVersion = 13.1;
						TestTargetID = DA5D91CB274032B200699555;
					};
				};
			};
			buildConfigurationList = DA5D91C7274032B200699555 /* Build configuration list for PBXProject "DatawhaleApp" */;
			compatibilityVersion = "Xcode 13.0";
			developmentRegion = en;
			hasScannedForEncodings = 0;
			knownRegions = (
				en,
				Base,
			);
			mainGroup = DA5D91C3274032B200699555;
			productRefGroup = DA5D91CD274032B200699555 /* Products */;
			projectDirPath = "";
			projectRoot = "";
			targets = (
				DA5D91CB274032B200699555 /* DatawhaleApp */,
				DA5D91E4274032B400699555 /* DatawhaleAppTests */,
				DA5D91EE274032B400699555 /* DatawhaleAppUITests */,
			);
		};
/* End PBXProject section */

/* Begin PBXResourcesBuildPhase section */
		DA5D91CA274032B200699555 /* Resources */ = {
			isa = PBXResourcesBuildPhase;
			buildActionMask = 2147483647;
			files = (
				DA5D91DF274032B400699555 /* LaunchScreen.storyboard in Resources */,
				DA5D91DC274032B400699555 /* Assets.xcassets in Resources */,
				DA5D91D7274032B200699555 /* Main.storyboard in Resources */,
			);
			runOnlyForDeploymentPostprocessing = 0;
		};
		DA5D91E3274032B400699555 /* Resources */ = {
			isa = PBXResourcesBuildPhase;
			buildActionMask = 2147483647;
			files = (
			);
			runOnlyForDeploymentPostprocessing = 0;
		};
		DA5D91ED274032B400699555 /* Resources */ = {
			isa = PBXResourcesBuildPhase;
			buildActionMask = 2147483647;
			files = (
			);
			runOnlyForDeploymentPostprocessing = 0;
		};
/* End PBXResourcesBuildPhase section */

/* Begin PBXShellScriptBuildPhase section */
		4508E5EE33E19AB0FE85F8F6 /* [CP] Embed Pods Frameworks */ = {
			isa = PBXShellScriptBuildPhase;
			buildActionMask = 2147483647;
			files = (
			);
			inputFileListPaths = (
				"${PODS_ROOT}/Target Support Files/Pods-DatawhaleApp/Pods-DatawhaleApp-frameworks-${CONFIGURATION}-input-files.xcfilelist",
			);
			name = "[CP] Embed Pods Frameworks";
			outputFileListPaths = (
				"${PODS_ROOT}/Target Support Files/Pods-DatawhaleApp/Pods-DatawhaleApp-frameworks-${CONFIGURATION}-output-files.xcfilelist",
			);
			runOnlyForDeploymentPostprocessing = 0;
			shellPath = /bin/sh;
			shellScript = "\"${PODS_ROOT}/Target Support Files/Pods-DatawhaleApp/Pods-DatawhaleApp-frameworks.sh\"\n";
			showEnvVarsInLog = 0;
		};
		51F04ADDAD657B2309C89707 /* [CP] Check Pods Manifest.lock */ = {
			isa = PBXShellScriptBuildPhase;
			buildActionMask = 2147483647;
			files = (
			);
			inputFileListPaths = (
			);
			inputPaths = (
				"${PODS_PODFILE_DIR_PATH}/Podfile.lock",
				"${PODS_ROOT}/Manifest.lock",
			);
			name = "[CP] Check Pods Manifest.lock";
			outputFileListPaths = (
			);
			outputPaths = (
				"$(DERIVED_FILE_DIR)/Pods-DatawhaleAppTests-checkManifestLockResult.txt",
			);
			runOnlyForDeploymentPostprocessing = 0;
			shellPath = /bin/sh;
			shellScript = "diff \"${PODS_PODFILE_DIR_PATH}/Podfile.lock\" \"${PODS_ROOT}/Manifest.lock\" > /dev/null\nif [ $? != 0 ] ; then\n    # print error to STDERR\n    echo \"error: The sandbox is not in sync with the Podfile.lock. Run 'pod install' or update your CocoaPods installation.\" >&2\n    exit 1\nfi\n# This output is used by Xcode 'outputs' to avoid re-running this script phase.\necho \"SUCCESS\" > \"${SCRIPT_OUTPUT_FILE_0}\"\n";
			showEnvVarsInLog = 0;
		};
		647174D9FA37B2E187D6FD03 /* [CP] Check Pods Manifest.lock */ = {
			isa = PBXShellScriptBuildPhase;
			buildActionMask = 2147483647;
			files = (
			);
			inputFileListPaths = (
			);
			inputPaths = (
				"${PODS_PODFILE_DIR_PATH}/Podfile.lock",
				"${PODS_ROOT}/Manifest.lock",
			);
			name = "[CP] Check Pods Manifest.lock";
			outputFileListPaths = (
			);
			outputPaths = (
				"$(DERIVED_FILE_DIR)/Pods-DatawhaleApp-DatawhaleAppUITests-checkManifestLockResult.txt",
			);
			runOnlyForDeploymentPostprocessing = 0;
			shellPath = /bin/sh;
			shellScript = "diff \"${PODS_PODFILE_DIR_PATH}/Podfile.lock\" \"${PODS_ROOT}/Manifest.lock\" > /dev/null\nif [ $? != 0 ] ; then\n    # print error to STDERR\n    echo \"error: The sandbox is not in sync with the Podfile.lock. Run 'pod install' or update your CocoaPods installation.\" >&2\n    exit 1\nfi\n# This output is used by Xcode 'outputs' to avoid re-running this script phase.\necho \"SUCCESS\" > \"${SCRIPT_OUTPUT_FILE_0}\"\n";
			showEnvVarsInLog = 0;
		};
		B59001FB5BF01317493B2661 /* [CP] Embed Pods Frameworks */ = {
			isa = PBXShellScriptBuildPhase;
			buildActionMask = 2147483647;
			files = (
			);
			inputFileListPaths = (
				"${PODS_ROOT}/Target Support Files/Pods-DatawhaleApp-DatawhaleAppUITests/Pods-DatawhaleApp-DatawhaleAppUITests-frameworks-${CONFIGURATION}-input-files.xcfilelist",
			);
			name = "[CP] Embed Pods Frameworks";
			outputFileListPaths = (
				"${PODS_ROOT}/Target Support Files/Pods-DatawhaleApp-DatawhaleAppUITests/Pods-DatawhaleApp-DatawhaleAppUITests-frameworks-${CONFIGURATION}-output-files.xcfilelist",
			);
			runOnlyForDeploymentPostprocessing = 0;
			shellPath = /bin/sh;
			shellScript = "\"${PODS_ROOT}/Target Support Files/Pods-DatawhaleApp-DatawhaleAppUITests/Pods-DatawhaleApp-DatawhaleAppUITests-frameworks.sh\"\n";
			showEnvVarsInLog = 0;
		};
		C6EE7EE40F16C1723823C21A /* [CP] Check Pods Manifest.lock */ = {
			isa = PBXShellScriptBuildPhase;
			buildActionMask = 2147483647;
			files = (
			);
			inputFileListPaths = (
			);
			inputPaths = (
				"${PODS_PODFILE_DIR_PATH}/Podfile.lock",
				"${PODS_ROOT}/Manifest.lock",
			);
			name = "[CP] Check Pods Manifest.lock";
			outputFileListPaths = (
			);
			outputPaths = (
				"$(DERIVED_FILE_DIR)/Pods-DatawhaleApp-checkManifestLockResult.txt",
			);
			runOnlyForDeploymentPostprocessing = 0;
			shellPath = /bin/sh;
			shellScript = "diff \"${PODS_PODFILE_DIR_PATH}/Podfile.lock\" \"${PODS_ROOT}/Manifest.lock\" > /dev/null\nif [ $? != 0 ] ; then\n    # print error to STDERR\n    echo \"error: The sandbox is not in sync with the Podfile.lock. Run 'pod install' or update your CocoaPods installation.\" >&2\n    exit 1\nfi\n# This output is used by Xcode 'outputs' to avoid re-running this script phase.\necho \"SUCCESS\" > \"${SCRIPT_OUTPUT_FILE_0}\"\n";
			showEnvVarsInLog = 0;
		};
/* End PBXShellScriptBuildPhase section */

/* Begin PBXSourcesBuildPhase section */
		DA5D91C8274032B200699555 /* Sources */ = {
			isa = PBXSourcesBuildPhase;
			buildActionMask = 2147483647;
			files = (
				DA5D9221274043EE00699555 /* DWBaseViewController.swift in Sources */,
				DA5D91D4274032B200699555 /* ViewController.swift in Sources */,
				DA5D91DA274032B200699555 /* DatawhaleApp.xcdatamodeld in Sources */,
				DA5D91D0274032B200699555 /* AppDelegate.swift in Sources */,
				DA5D92232740442A00699555 /* DWNavigationController.swift in Sources */,
				DA5D91D2274032B200699555 /* SceneDelegate.swift in Sources */,
			);
			runOnlyForDeploymentPostprocessing = 0;
		};
		DA5D91E1274032B400699555 /* Sources */ = {
			isa = PBXSourcesBuildPhase;
			buildActionMask = 2147483647;
			files = (
				DA5D91EA274032B400699555 /* DatawhaleAppTests.swift in Sources */,
			);
			runOnlyForDeploymentPostprocessing = 0;
		};
		DA5D91EB274032B400699555 /* Sources */ = {
			isa = PBXSourcesBuildPhase;
			buildActionMask = 2147483647;
			files = (
				DA5D91F6274032B400699555 /* DatawhaleAppUITestsLaunchTests.swift in Sources */,
				DA5D91F4274032B400699555 /* DatawhaleAppUITests.swift in Sources */,
			);
			runOnlyForDeploymentPostprocessing = 0;
		};
/* End PBXSourcesBuildPhase section */

/* Begin PBXTargetDependency section */
		DA5D91E7274032B400699555 /* PBXTargetDependency */ = {
			isa = PBXTargetDependency;
			target = DA5D91CB274032B200699555 /* DatawhaleApp */;
			targetProxy = DA5D91E6274032B400699555 /* PBXContainerItemProxy */;
		};
		DA5D91F1274032B400699555 /* PBXTargetDependency */ = {
			isa = PBXTargetDependency;
			target = DA5D91CB274032B200699555 /* DatawhaleApp */;
			targetProxy = DA5D91F0274032B400699555 /* PBXContainerItemProxy */;
		};
/* End PBXTargetDependency section */

/* Begin PBXVariantGroup section */
		DA5D91D5274032B200699555 /* Main.storyboard */ = {
			isa = PBXVariantGroup;
			children = (
				DA5D91D6274032B200699555 /* Base */,
			);
			name = Main.storyboard;
			sourceTree = "<group>";
		};
		DA5D91DD274032B400699555 /* LaunchScreen.storyboard */ = {
			isa = PBXVariantGroup;
			children = (
				DA5D91DE274032B400699555 /* Base */,
			);
			name = LaunchScreen.storyboard;
			sourceTree = "<group>";
		};
/* End PBXVariantGroup section */

/* Begin XCBuildConfiguration section */
		DA5D91F7274032B400699555 /* Debug */ = {
			isa = XCBuildConfiguration;
			buildSettings = {
				ALWAYS_SEARCH_USER_PATHS = NO;
				CLANG_ANALYZER_NONNULL = YES;
				CLANG_ANALYZER_NUMBER_OBJECT_CONVERSION = YES_AGGRESSIVE;
				CLANG_CXX_LANGUAGE_STANDARD = "gnu++17";
				CLANG_CXX_LIBRARY = "libc++";
				CLANG_ENABLE_MODULES = YES;
				CLANG_ENABLE_OBJC_ARC = YES;
				CLANG_ENABLE_OBJC_WEAK = YES;
				CLANG_WARN_BLOCK_CAPTURE_AUTORELEASING = YES;
				CLANG_WARN_BOOL_CONVERSION = YES;
				CLANG_WARN_COMMA = YES;
				CLANG_WARN_CONSTANT_CONVERSION = YES;
				CLANG_WARN_DEPRECATED_OBJC_IMPLEMENTATIONS = YES;
				CLANG_WARN_DIRECT_OBJC_ISA_USAGE = YES_ERROR;
				CLANG_WARN_DOCUMENTATION_COMMENTS = YES;
				CLANG_WARN_EMPTY_BODY = YES;
				CLANG_WARN_ENUM_CONVERSION = YES;
				CLANG_WARN_INFINITE_RECURSION = YES;
				CLANG_WARN_INT_CONVERSION = YES;
				CLANG_WARN_NON_LITERAL_NULL_CONVERSION = YES;
				CLANG_WARN_OBJC_IMPLICIT_RETAIN_SELF = YES;
				CLANG_WARN_OBJC_LITERAL_CONVERSION = YES;
				CLANG_WARN_OBJC_ROOT_CLASS = YES_ERROR;
				CLANG_WARN_QUOTED_INCLUDE_IN_FRAMEWORK_HEADER = YES;
				CLANG_WARN_RANGE_LOOP_ANALYSIS = YES;
				CLANG_WARN_STRICT_PROTOTYPES = YES;
				CLANG_WARN_SUSPICIOUS_MOVE = YES;
				CLANG_WARN_UNGUARDED_AVAILABILITY = YES_AGGRESSIVE;
				CLANG_WARN_UNREACHABLE_CODE = YES;
				CLANG_WARN__DUPLICATE_METHOD_MATCH = YES;
				COPY_PHASE_STRIP = NO;
				DEBUG_INFORMATION_FORMAT = dwarf;
				ENABLE_STRICT_OBJC_MSGSEND = YES;
				ENABLE_TESTABILITY = YES;
				GCC_C_LANGUAGE_STANDARD = gnu11;
				GCC_DYNAMIC_NO_PIC = NO;
				GCC_NO_COMMON_BLOCKS = YES;
				GCC_OPTIMIZATION_LEVEL = 0;
				GCC_PREPROCESSOR_DEFINITIONS = (
					"DEBUG=1",
					"$(inherited)",
				);
				GCC_WARN_64_TO_32_BIT_CONVERSION = YES;
				GCC_WARN_ABOUT_RETURN_TYPE = YES_ERROR;
				GCC_WARN_UNDECLARED_SELECTOR = YES;
				GCC_WARN_UNINITIALIZED_AUTOS = YES_AGGRESSIVE;
				GCC_WARN_UNUSED_FUNCTION = YES;
				GCC_WARN_UNUSED_VARIABLE = YES;
				IPHONEOS_DEPLOYMENT_TARGET = 13.0;
				MTL_ENABLE_DEBUG_INFO = INCLUDE_SOURCE;
				MTL_FAST_MATH = YES;
				ONLY_ACTIVE_ARCH = YES;
				SDKROOT = iphoneos;
				SWIFT_ACTIVE_COMPILATION_CONDITIONS = DEBUG;
				SWIFT_OPTIMIZATION_LEVEL = "-Onone";
			};
			name = Debug;
		};
		DA5D91F8274032B400699555 /* Release */ = {
			isa = XCBuildConfiguration;
			buildSettings = {
				ALWAYS_SEARCH_USER_PATHS = NO;
				CLANG_ANALYZER_NONNULL = YES;
				CLANG_ANALYZER_NUMBER_OBJECT_CONVERSION = YES_AGGRESSIVE;
				CLANG_CXX_LANGUAGE_STANDARD = "gnu++17";
				CLANG_CXX_LIBRARY = "libc++";
				CLANG_ENABLE_MODULES = YES;
				CLANG_ENABLE_OBJC_ARC = YES;
				CLANG_ENABLE_OBJC_WEAK = YES;
				CLANG_WARN_BLOCK_CAPTURE_AUTORELEASING = YES;
				CLANG_WARN_BOOL_CONVERSION = YES;
				CLANG_WARN_COMMA = YES;
				CLANG_WARN_CONSTANT_CONVERSION = YES;
				CLANG_WARN_DEPRECATED_OBJC_IMPLEMENTATIONS = YES;
				CLANG_WARN_DIRECT_OBJC_ISA_USAGE = YES_ERROR;
				CLANG_WARN_DOCUMENTATION_COMMENTS = YES;
				CLANG_WARN_EMPTY_BODY = YES;
				CLANG_WARN_ENUM_CONVERSION = YES;
				CLANG_WARN_INFINITE_RECURSION = YES;
				CLANG_WARN_INT_CONVERSION = YES;
				CLANG_WARN_NON_LITERAL_NULL_CONVERSION = YES;
				CLANG_WARN_OBJC_IMPLICIT_RETAIN_SELF = YES;
				CLANG_WARN_OBJC_LITERAL_CONVERSION = YES;
				CLANG_WARN_OBJC_ROOT_CLASS = YES_ERROR;
				CLANG_WARN_QUOTED_INCLUDE_IN_FRAMEWORK_HEADER = YES;
				CLANG_WARN_RANGE_LOOP_ANALYSIS = YES;
				CLANG_WARN_STRICT_PROTOTYPES = YES;
				CLANG_WARN_SUSPICIOUS_MOVE = YES;
				CLANG_WARN_UNGUARDED_AVAILABILITY = YES_AGGRESSIVE;
				CLANG_WARN_UNREACHABLE_CODE = YES;
				CLANG_WARN__DUPLICATE_METHOD_MATCH = YES;
				COPY_PHASE_STRIP = NO;
				DEBUG_INFORMATION_FORMAT = "dwarf-with-dsym";
				ENABLE_NS_ASSERTIONS = NO;
				ENABLE_STRICT_OBJC_MSGSEND = YES;
				GCC_C_LANGUAGE_STANDARD = gnu11;
				GCC_NO_COMMON_BLOCKS = YES;
				GCC_WARN_64_TO_32_BIT_CONVERSION = YES;
				GCC_WARN_ABOUT_RETURN_TYPE = YES_ERROR;
				GCC_WARN_UNDECLARED_SELECTOR = YES;
				GCC_WARN_UNINITIALIZED_AUTOS = YES_AGGRESSIVE;
				GCC_WARN_UNUSED_FUNCTION = YES;
				GCC_WARN_UNUSED_VARIABLE = YES;
				IPHONEOS_DEPLOYMENT_TARGET = 13.0;
				MTL_ENABLE_DEBUG_INFO = NO;
				MTL_FAST_MATH = YES;
				SDKROOT = iphoneos;
				SWIFT_COMPILATION_MODE = wholemodule;
				SWIFT_OPTIMIZATION_LEVEL = "-O";
				VALIDATE_PRODUCT = YES;
			};
			name = Release;
		};
		DA5D91FA274032B400699555 /* Debug */ = {
			isa = XCBuildConfiguration;
			baseConfigurationReference = E4FBCA0D61F724C2DB4208B9 /* Pods-DatawhaleApp.debug.xcconfig */;
			buildSettings = {
				ASSETCATALOG_COMPILER_APPICON_NAME = AppIcon;
				ASSETCATALOG_COMPILER_GLOBAL_ACCENT_COLOR_NAME = AccentColor;
				ASSETCATALOG_COMPILER_INCLUDE_ALL_APPICON_ASSETS = YES;
				CODE_SIGN_STYLE = Automatic;
				CURRENT_PROJECT_VERSION = 1;
				DEVELOPMENT_TEAM = 632K45F9F8;
				GENERATE_INFOPLIST_FILE = YES;
				INFOPLIST_FILE = DatawhaleApp/Info.plist;
				INFOPLIST_KEY_CFBundleDisplayName = DatewhaleApp;
				INFOPLIST_KEY_UIApplicationSupportsIndirectInputEvents = YES;
				INFOPLIST_KEY_UILaunchStoryboardName = LaunchScreen;
				INFOPLIST_KEY_UIMainStoryboardFile = Main;
				INFOPLIST_KEY_UISupportedInterfaceOrientations = UIInterfaceOrientationPortrait;
				INFOPLIST_KEY_UISupportedInterfaceOrientations_iPad = "UIInterfaceOrientationPortrait UIInterfaceOrientationPortraitUpsideDown UIInterfaceOrientationLandscapeLeft UIInterfaceOrientationLandscapeRight";
				INFOPLIST_KEY_UISupportedInterfaceOrientations_iPhone = "UIInterfaceOrientationPortrait UIInterfaceOrientationLandscapeLeft UIInterfaceOrientationLandscapeRight";
				IPHONEOS_DEPLOYMENT_TARGET = 13.0;
				LD_RUNPATH_SEARCH_PATHS = (
					"$(inherited)",
					"@executable_path/Frameworks",
				);
				MARKETING_VERSION = 1.0;
				PRODUCT_BUNDLE_IDENTIFIER = com.dulpyhb.DatawhaleApp.zyx;
				PRODUCT_NAME = "$(TARGET_NAME)";
				SWIFT_EMIT_LOC_STRINGS = YES;
				SWIFT_VERSION = 5.0;
				TARGETED_DEVICE_FAMILY = "1,2";
			};
			name = Debug;
		};
		DA5D91FB274032B400699555 /* Release */ = {
			isa = XCBuildConfiguration;
			baseConfigurationReference = AF2A42E2AF25CD4E1DEBC754 /* Pods-DatawhaleApp.release.xcconfig */;
			buildSettings = {
				ASSETCATALOG_COMPILER_APPICON_NAME = AppIcon;
				ASSETCATALOG_COMPILER_GLOBAL_ACCENT_COLOR_NAME = AccentColor;
				ASSETCATALOG_COMPILER_INCLUDE_ALL_APPICON_ASSETS = YES;
				CODE_SIGN_STYLE = Automatic;
				CURRENT_PROJECT_VERSION = 1;
				DEVELOPMENT_TEAM = 632K45F9F8;
				GENERATE_INFOPLIST_FILE = YES;
				INFOPLIST_FILE = DatawhaleApp/Info.plist;
				INFOPLIST_KEY_CFBundleDisplayName = DatewhaleApp;
				INFOPLIST_KEY_UIApplicationSupportsIndirectInputEvents = YES;
				INFOPLIST_KEY_UILaunchStoryboardName = LaunchScreen;
				INFOPLIST_KEY_UIMainStoryboardFile = Main;
				INFOPLIST_KEY_UISupportedInterfaceOrientations = UIInterfaceOrientationPortrait;
				INFOPLIST_KEY_UISupportedInterfaceOrientations_iPad = "UIInterfaceOrientationPortrait UIInterfaceOrientationPortraitUpsideDown UIInterfaceOrientationLandscapeLeft UIInterfaceOrientationLandscapeRight";
				INFOPLIST_KEY_UISupportedInterfaceOrientations_iPhone = "UIInterfaceOrientationPortrait UIInterfaceOrientationLandscapeLeft UIInterfaceOrientationLandscapeRight";
				IPHONEOS_DEPLOYMENT_TARGET = 13.0;
				LD_RUNPATH_SEARCH_PATHS = (
					"$(inherited)",
					"@executable_path/Frameworks",
				);
				MARKETING_VERSION = 1.0;
				PRODUCT_BUNDLE_IDENTIFIER = com.dulpyhb.DatawhaleApp.zyx;
				PRODUCT_NAME = "$(TARGET_NAME)";
				SWIFT_EMIT_LOC_STRINGS = YES;
				SWIFT_VERSION = 5.0;
				TARGETED_DEVICE_FAMILY = "1,2";
			};
			name = Release;
		};
		DA5D91FD274032B400699555 /* Debug */ = {
			isa = XCBuildConfiguration;
			baseConfigurationReference = 899232B2B170969C2E94492B /* Pods-DatawhaleAppTests.debug.xcconfig */;
			buildSettings = {
				ALWAYS_EMBED_SWIFT_STANDARD_LIBRARIES = YES;
				BUNDLE_LOADER = "$(TEST_HOST)";
				CODE_SIGN_STYLE = Automatic;
				CURRENT_PROJECT_VERSION = 1;
				DEVELOPMENT_TEAM = ZR65RQ5GJR;
				GENERATE_INFOPLIST_FILE = YES;
				IPHONEOS_DEPLOYMENT_TARGET = 15.0;
				LD_RUNPATH_SEARCH_PATHS = (
					"$(inherited)",
					"@executable_path/Frameworks",
					"@loader_path/Frameworks",
				);
				MARKETING_VERSION = 1.0;
				PRODUCT_BUNDLE_IDENTIFIER = com.dulpyhb.DatawhaleAppTests;
				PRODUCT_NAME = "$(TARGET_NAME)";
				SWIFT_EMIT_LOC_STRINGS = NO;
				SWIFT_VERSION = 5.0;
				TARGETED_DEVICE_FAMILY = "1,2";
				TEST_HOST = "$(BUILT_PRODUCTS_DIR)/DatawhaleApp.app/DatawhaleApp";
			};
			name = Debug;
		};
		DA5D91FE274032B400699555 /* Release */ = {
			isa = XCBuildConfiguration;
			baseConfigurationReference = 56A5C9C6C9CBDE6A270C2404 /* Pods-DatawhaleAppTests.release.xcconfig */;
			buildSettings = {
				ALWAYS_EMBED_SWIFT_STANDARD_LIBRARIES = YES;
				BUNDLE_LOADER = "$(TEST_HOST)";
				CODE_SIGN_STYLE = Automatic;
				CURRENT_PROJECT_VERSION = 1;
				DEVELOPMENT_TEAM = ZR65RQ5GJR;
				GENERATE_INFOPLIST_FILE = YES;
				IPHONEOS_DEPLOYMENT_TARGET = 15.0;
				LD_RUNPATH_SEARCH_PATHS = (
					"$(inherited)",
					"@executable_path/Frameworks",
					"@loader_path/Frameworks",
				);
				MARKETING_VERSION = 1.0;
				PRODUCT_BUNDLE_IDENTIFIER = com.dulpyhb.DatawhaleAppTests;
				PRODUCT_NAME = "$(TARGET_NAME)";
				SWIFT_EMIT_LOC_STRINGS = NO;
				SWIFT_VERSION = 5.0;
				TARGETED_DEVICE_FAMILY = "1,2";
				TEST_HOST = "$(BUILT_PRODUCTS_DIR)/DatawhaleApp.app/DatawhaleApp";
			};
			name = Release;
		};
		DA5D9200274032B400699555 /* Debug */ = {
			isa = XCBuildConfiguration;
			baseConfigurationReference = 216A171B09EB1E62BEBD437E /* Pods-DatawhaleApp-DatawhaleAppUITests.debug.xcconfig */;
			buildSettings = {
				ALWAYS_EMBED_SWIFT_STANDARD_LIBRARIES = YES;
				CODE_SIGN_STYLE = Automatic;
				CURRENT_PROJECT_VERSION = 1;
				DEVELOPMENT_TEAM = ZR65RQ5GJR;
				GENERATE_INFOPLIST_FILE = YES;
				LD_RUNPATH_SEARCH_PATHS = (
					"$(inherited)",
					"@executable_path/Frameworks",
					"@loader_path/Frameworks",
				);
				MARKETING_VERSION = 1.0;
				PRODUCT_BUNDLE_IDENTIFIER = com.dulpyhb.DatawhaleAppUITests;
				PRODUCT_NAME = "$(TARGET_NAME)";
				SWIFT_EMIT_LOC_STRINGS = NO;
				SWIFT_VERSION = 5.0;
				TARGETED_DEVICE_FAMILY = "1,2";
				TEST_TARGET_NAME = DatawhaleApp;
			};
			name = Debug;
		};
		DA5D9201274032B400699555 /* Release */ = {
			isa = XCBuildConfiguration;
			baseConfigurationReference = DFF7BE5FA984E5BB758763EF /* Pods-DatawhaleApp-DatawhaleAppUITests.release.xcconfig */;
			buildSettings = {
				ALWAYS_EMBED_SWIFT_STANDARD_LIBRARIES = YES;
				CODE_SIGN_STYLE = Automatic;
				CURRENT_PROJECT_VERSION = 1;
				DEVELOPMENT_TEAM = ZR65RQ5GJR;
				GENERATE_INFOPLIST_FILE = YES;
				LD_RUNPATH_SEARCH_PATHS = (
					"$(inherited)",
					"@executable_path/Frameworks",
					"@loader_path/Frameworks",
				);
				MARKETING_VERSION = 1.0;
				PRODUCT_BUNDLE_IDENTIFIER = com.dulpyhb.DatawhaleAppUITests;
				PRODUCT_NAME = "$(TARGET_NAME)";
				SWIFT_EMIT_LOC_STRINGS = NO;
				SWIFT_VERSION = 5.0;
				TARGETED_DEVICE_FAMILY = "1,2";
				TEST_TARGET_NAME = DatawhaleApp;
			};
			name = Release;
		};
/* End XCBuildConfiguration section */

/* Begin XCConfigurationList section */
		DA5D91C7274032B200699555 /* Build configuration list for PBXProject "DatawhaleApp" */ = {
			isa = XCConfigurationList;
			buildConfigurations = (
				DA5D91F7274032B400699555 /* Debug */,
				DA5D91F8274032B400699555 /* Release */,
			);
			defaultConfigurationIsVisible = 0;
			defaultConfigurationName = Release;
		};
		DA5D91F9274032B400699555 /* Build configuration list for PBXNativeTarget "DatawhaleApp" */ = {
			isa = XCConfigurationList;
			buildConfigurations = (
				DA5D91FA274032B400699555 /* Debug */,
				DA5D91FB274032B400699555 /* Release */,
			);
			defaultConfigurationIsVisible = 0;
			defaultConfigurationName = Release;
		};
		DA5D91FC274032B400699555 /* Build configuration list for PBXNativeTarget "DatawhaleAppTests" */ = {
			isa = XCConfigurationList;
			buildConfigurations = (
				DA5D91FD274032B400699555 /* Debug */,
				DA5D91FE274032B400699555 /* Release */,
			);
			defaultConfigurationIsVisible = 0;
			defaultConfigurationName = Release;
		};
		DA5D91FF274032B400699555 /* Build configuration list for PBXNativeTarget "DatawhaleAppUITests" */ = {
			isa = XCConfigurationList;
			buildConfigurations = (
				DA5D9200274032B400699555 /* Debug */,
				DA5D9201274032B400699555 /* Release */,
			);
			defaultConfigurationIsVisible = 0;
			defaultConfigurationName = Release;
		};
/* End XCConfigurationList section */

/* Begin XCVersionGroup section */
		DA5D91D8274032B200699555 /* DatawhaleApp.xcdatamodeld */ = {
			isa = XCVersionGroup;
			children = (
				DA5D91D9274032B200699555 /* DatawhaleApp.xcdatamodel */,
			);
			currentVersion = DA5D91D9274032B200699555 /* DatawhaleApp.xcdatamodel */;
			path = DatawhaleApp.xcdatamodeld;
			sourceTree = "<group>";
			versionGroupType = wrapper.xcdatamodel;
		};
/* End XCVersionGroup section */
	};
	rootObject = DA5D91C4274032B200699555 /* Project object */;
}
